
Microsoft Visual Studio Solution File, Format Version 12.00
# Visual Studio Version 17
VisualStudioVersion = 17.5.33424.131
MinimumVisualStudioVersion = 10.0.40219.1
Project("{9A19103F-16F7-4668-BE54-9A1E7A4F7556}") = "BasicMathTDDTest", "BasicMathTDDTest.csproj", "{DA967F43-C4F4-4670-8914-88826EFF0456}"
EndProject
Project("{FAE04EC0-301F-11D3-BF4B-00C04F79EFBC}") = "BasicMathTDD", "..\BasicMathTDD\BasicMathTDD.csproj", "{46873C5A-83B1-4133-A65E-DF7A47F2561B}"
EndProject
Global
	GlobalSection(SolutionConfigurationPlatforms) = preSolution
		Debug|Any CPU = Debug|Any CPU
		Release|Any CPU = Release|Any CPU
	EndGlobalSection
	GlobalSection(ProjectConfigurationPlatforms) = postSolution
		{DA967F43-C4F4-4670-8914-88826EFF0456}.Debug|Any CPU.ActiveCfg = Debug|Any CPU
		{DA967F43-C4F4-4670-8914-88826EFF0456}.Debug|Any CPU.Build.0 = Debug|Any CPU
		{DA967F43-C4F4-4670-8914-88826EFF0456}.Release|Any CPU.ActiveCfg = Release|Any CPU
		{DA967F43-C4F4-4670-8914-88826EFF0456}.Release|Any CPU.Build.0 = Release|Any CPU
		{46873C5A-83B1-4133-A65E-DF7A47F2561B}.Debug|Any CPU.ActiveCfg = Debug|Any CPU
		{46873C5A-83B1-4133-A65E-DF7A47F2561B}.Debug|Any CPU.Build.0 = Debug|Any CPU
		{46873C5A-83B1-4133-A65E-DF7A47F2561B}.Release|Any CPU.ActiveCfg = Release|Any CPU
		{46873C5A-83B1-4133-A65E-DF7A47F2561B}.Release|Any CPU.Build.0 = Release|Any CPU
	EndGlobalSection
	GlobalSection(SolutionProperties) = preSolution
		HideSolutionNode = FALSE
	EndGlobalSection
	GlobalSection(ExtensibilityGlobals) = postSolution
		SolutionGuid = {0F6FC8B9-BAD7-4A80-990F-075DD8778662}
	EndGlobalSection
EndGlobal
